
Microsoft Visual Studio Solution File, Format Version 11.00
# Visual Studio 2010
Project("{FAE04EC0-301F-11D3-BF4B-00C04F79EFBC}") = "Assembly-CSharp", "Assembly-CSharp.csproj", "{2CD12E51-54A3-1B49-BB94-EBEDE003A4F7}"
EndProject
Project("{FAE04EC0-301F-11D3-BF4B-00C04F79EFBC}") = "Assembly-CSharp-firstpass", "Assembly-CSharp-firstpass.csproj", "{E41AAE64-3968-AE48-9D1D-6DFFEA4B2D4D}"
EndProject
Project("{FAE04EC0-301F-11D3-BF4B-00C04F79EFBC}") = "Assembly-CSharp-Editor-firstpass", "Assembly-CSharp-Editor-firstpass.csproj", "{EFEFE8F6-A7DE-8678-2355-19A0F0AF29D9}"
EndProject
Project("{FAE04EC0-301F-11D3-BF4B-00C04F79EFBC}") = "Assembly-CSharp-Editor", "Assembly-CSharp-Editor.csproj", "{73416636-1A90-72B6-D188-CAF7CC2CDA1B}"
EndProject
Global
	GlobalSection(SolutionConfigurationPlatforms) = preSolution
		Debug|Any CPU = Debug|Any CPU
		Release|Any CPU = Release|Any CPU
	EndGlobalSection
	GlobalSection(ProjectConfigurationPlatforms) = postSolution
		{2CD12E51-54A3-1B49-BB94-EBEDE003A4F7}.Debug|Any CPU.ActiveCfg = Debug|Any CPU
		{2CD12E51-54A3-1B49-BB94-EBEDE003A4F7}.Debug|Any CPU.Build.0 = Debug|Any CPU
		{2CD12E51-54A3-1B49-BB94-EBEDE003A4F7}.Release|Any CPU.ActiveCfg = Release|Any CPU
		{2CD12E51-54A3-1B49-BB94-EBEDE003A4F7}.Release|Any CPU.Build.0 = Release|Any CPU
		{E41AAE64-3968-AE48-9D1D-6DFFEA4B2D4D}.Debug|Any CPU.ActiveCfg = Debug|Any CPU
		{E41AAE64-3968-AE48-9D1D-6DFFEA4B2D4D}.Debug|Any CPU.Build.0 = Debug|Any CPU
		{E41AAE64-3968-AE48-9D1D-6DFFEA4B2D4D}.Release|Any CPU.ActiveCfg = Release|Any CPU
		{E41AAE64-3968-AE48-9D1D-6DFFEA4B2D4D}.Release|Any CPU.Build.0 = Release|Any CPU
		{EFEFE8F6-A7DE-8678-2355-19A0F0AF29D9}.Debug|Any CPU.ActiveCfg = Debug|Any CPU
		{EFEFE8F6-A7DE-8678-2355-19A0F0AF29D9}.Debug|Any CPU.Build.0 = Debug|Any CPU
		{EFEFE8F6-A7DE-8678-2355-19A0F0AF29D9}.Release|Any CPU.ActiveCfg = Release|Any CPU
		{EFEFE8F6-A7DE-8678-2355-19A0F0AF29D9}.Release|Any CPU.Build.0 = Release|Any CPU
		{73416636-1A90-72B6-D188-CAF7CC2CDA1B}.Debug|Any CPU.ActiveCfg = Debug|Any CPU
		{73416636-1A90-72B6-D188-CAF7CC2CDA1B}.Debug|Any CPU.Build.0 = Debug|Any CPU
		{73416636-1A90-72B6-D188-CAF7CC2CDA1B}.Release|Any CPU.ActiveCfg = Release|Any CPU
		{73416636-1A90-72B6-D188-CAF7CC2CDA1B}.Release|Any CPU.Build.0 = Release|Any CPU
	EndGlobalSection
	GlobalSection(SolutionProperties) = preSolution
		HideSolutionNode = FALSE
	EndGlobalSection
	GlobalSection(MonoDevelopProperties) = preSolution
		StartupItem = Assembly-CSharp.csproj
	EndGlobalSection
EndGlobal
